# THIS IS AN AUTOGENERATED FILE. DO NOT EDIT THIS FILE DIRECTLY.
# yarn lockfile v1


"@ampproject/remapping@^2.2.0":
  version "2.2.1"
  resolved "https://registry.yarnpkg.com/@ampproject/remapping/-/remapping-2.2.1.tgz#99e8e11851128b8702cd57c33684f1d0f260b630"
  integrity sha512-lFMjJTrFL3j7L9yBxwYfCq2k6qqwHyzuUl/XBnif78PWTJYyL/dfowQHWE3sp6U6ZzqWiiIZnpTMO96zhkjwtg==
  dependencies:
    "@jridgewell/gen-mapping" "^0.3.0"
    "@jridgewell/trace-mapping" "^0.3.9"

"@babel/code-frame@^7.18.6", "@babel/code-frame@^7.21.4":
  version "7.21.4"
  resolved "https://registry.yarnpkg.com/@babel/code-frame/-/code-frame-7.21.4.tgz#d0fa9e4413aca81f2b23b9442797bda1826edb39"
  integrity sha512-LYvhNKfwWSPpocw8GI7gpK2nq3HSDuEPC/uSYaALSJu9xjsalaaYFOq0Pwt5KmVqwEbZlDu81aLXwBOmD/Fv9g==
  dependencies:
    "@babel/highlight" "^7.18.6"

"@babel/compat-data@^7.21.4":
  version "7.21.4"
  resolved "https://registry.yarnpkg.com/@babel/compat-data/-/compat-data-7.21.4.tgz#457ffe647c480dff59c2be092fc3acf71195c87f"
  integrity sha512-/DYyDpeCfaVinT40FPGdkkb+lYSKvsVuMjDAG7jPOWWiM1ibOaB9CXJAlc4d1QpP/U2q2P9jbrSlClKSErd55g==

"@babel/core@^7.17.9":
  version "7.21.4"
  resolved "https://registry.yarnpkg.com/@babel/core/-/core-7.21.4.tgz#c6dc73242507b8e2a27fd13a9c1814f9fa34a659"
  integrity sha512-qt/YV149Jman/6AfmlxJ04LMIu8bMoyl3RB91yTFrxQmgbrSvQMy7cI8Q62FHx1t8wJ8B5fu0UDoLwHAhUo1QA==
  dependencies:
    "@ampproject/remapping" "^2.2.0"
    "@babel/code-frame" "^7.21.4"
    "@babel/generator" "^7.21.4"
    "@babel/helper-compilation-targets" "^7.21.4"
    "@babel/helper-module-transforms" "^7.21.2"
    "@babel/helpers" "^7.21.0"
    "@babel/parser" "^7.21.4"
    "@babel/template" "^7.20.7"
    "@babel/traverse" "^7.21.4"
    "@babel/types" "^7.21.4"
    convert-source-map "^1.7.0"
    debug "^4.1.0"
    gensync "^1.0.0-beta.2"
    json5 "^2.2.2"
    semver "^6.3.0"

"@babel/generator@^7.21.4":
  version "7.21.4"
  resolved "https://registry.yarnpkg.com/@babel/generator/-/generator-7.21.4.tgz#64a94b7448989f421f919d5239ef553b37bb26bc"
  integrity sha512-NieM3pVIYW2SwGzKoqfPrQsf4xGs9M9AIG3ThppsSRmO+m7eQhmI6amajKMUeIO37wFfsvnvcxQFx6x6iqxDnA==
  dependencies:
    "@babel/types" "^7.21.4"
    "@jridgewell/gen-mapping" "^0.3.2"
    "@jridgewell/trace-mapping" "^0.3.17"
    jsesc "^2.5.1"

"@babel/helper-compilation-targets@^7.21.4":
  version "7.21.4"
  resolved "https://registry.yarnpkg.com/@babel/helper-compilation-targets/-/helper-compilation-targets-7.21.4.tgz#770cd1ce0889097ceacb99418ee6934ef0572656"
  integrity sha512-Fa0tTuOXZ1iL8IeDFUWCzjZcn+sJGd9RZdH9esYVjEejGmzf+FFYQpMi/kZUk2kPy/q1H3/GPw7np8qar/stfg==
  dependencies:
    "@babel/compat-data" "^7.21.4"
    "@babel/helper-validator-option" "^7.21.0"
    browserslist "^4.21.3"
    lru-cache "^5.1.1"
    semver "^6.3.0"

"@babel/helper-environment-visitor@^7.18.9":
  version "7.18.9"
  resolved "https://registry.yarnpkg.com/@babel/helper-environment-visitor/-/helper-environment-visitor-7.18.9.tgz#0c0cee9b35d2ca190478756865bb3528422f51be"
  integrity sha512-3r/aACDJ3fhQ/EVgFy0hpj8oHyHpQc+LPtJoY9SzTThAsStm4Ptegq92vqKoE3vD706ZVFWITnMnxucw+S9Ipg==

"@babel/helper-function-name@^7.21.0":
  version "7.21.0"
  resolved "https://registry.yarnpkg.com/@babel/helper-function-name/-/helper-function-name-7.21.0.tgz#d552829b10ea9f120969304023cd0645fa00b1b4"
  integrity sha512-HfK1aMRanKHpxemaY2gqBmL04iAPOPRj7DxtNbiDOrJK+gdwkiNRVpCpUJYbUT+aZyemKN8brqTOxzCaG6ExRg==
  dependencies:
    "@babel/template" "^7.20.7"
    "@babel/types" "^7.21.0"

"@babel/helper-hoist-variables@^7.18.6":
  version "7.18.6"
  resolved "https://registry.yarnpkg.com/@babel/helper-hoist-variables/-/helper-hoist-variables-7.18.6.tgz#d4d2c8fb4baeaa5c68b99cc8245c56554f926678"
  integrity sha512-UlJQPkFqFULIcyW5sbzgbkxn2FKRgwWiRexcuaR8RNJRy8+LLveqPjwZV/bwrLZCN0eUHD/x8D0heK1ozuoo6Q==
  dependencies:
    "@babel/types" "^7.18.6"

"@babel/helper-module-imports@^7.18.6":
  version "7.21.4"
  resolved "https://registry.yarnpkg.com/@babel/helper-module-imports/-/helper-module-imports-7.21.4.tgz#ac88b2f76093637489e718a90cec6cf8a9b029af"
  integrity sha512-orajc5T2PsRYUN3ZryCEFeMDYwyw09c/pZeaQEZPH0MpKzSvn3e0uXsDBu3k03VI+9DBiRo+l22BfKTpKwa/Wg==
  dependencies:
    "@babel/types" "^7.21.4"

"@babel/helper-module-transforms@^7.21.2":
  version "7.21.2"
  resolved "https://registry.yarnpkg.com/@babel/helper-module-transforms/-/helper-module-transforms-7.21.2.tgz#160caafa4978ac8c00ac66636cb0fa37b024e2d2"
  integrity sha512-79yj2AR4U/Oqq/WOV7Lx6hUjau1Zfo4cI+JLAVYeMV5XIlbOhmjEk5ulbTc9fMpmlojzZHkUUxAiK+UKn+hNQQ==
  dependencies:
    "@babel/helper-environment-visitor" "^7.18.9"
    "@babel/helper-module-imports" "^7.18.6"
    "@babel/helper-simple-access" "^7.20.2"
    "@babel/helper-split-export-declaration" "^7.18.6"
    "@babel/helper-validator-identifier" "^7.19.1"
    "@babel/template" "^7.20.7"
    "@babel/traverse" "^7.21.2"
    "@babel/types" "^7.21.2"

"@babel/helper-simple-access@^7.20.2":
  version "7.20.2"
  resolved "https://registry.yarnpkg.com/@babel/helper-simple-access/-/helper-simple-access-7.20.2.tgz#0ab452687fe0c2cfb1e2b9e0015de07fc2d62dd9"
  integrity sha512-+0woI/WPq59IrqDYbVGfshjT5Dmk/nnbdpcF8SnMhhXObpTq2KNBdLFRFrkVdbDOyUmHBCxzm5FHV1rACIkIbA==
  dependencies:
    "@babel/types" "^7.20.2"

"@babel/helper-split-export-declaration@^7.18.6":
  version "7.18.6"
  resolved "https://registry.yarnpkg.com/@babel/helper-split-export-declaration/-/helper-split-export-declaration-7.18.6.tgz#7367949bc75b20c6d5a5d4a97bba2824ae8ef075"
  integrity sha512-bde1etTx6ZyTmobl9LLMMQsaizFVZrquTEHOqKeQESMKo4PlObf+8+JA25ZsIpZhT/WEd39+vOdLXAFG/nELpA==
  dependencies:
    "@babel/types" "^7.18.6"

"@babel/helper-string-parser@^7.19.4":
  version "7.19.4"
  resolved "https://registry.yarnpkg.com/@babel/helper-string-parser/-/helper-string-parser-7.19.4.tgz#38d3acb654b4701a9b77fb0615a96f775c3a9e63"
  integrity sha512-nHtDoQcuqFmwYNYPz3Rah5ph2p8PFeFCsZk9A/48dPc/rGocJ5J3hAAZ7pb76VWX3fZKu+uEr/FhH5jLx7umrw==

"@babel/helper-validator-identifier@^7.18.6", "@babel/helper-validator-identifier@^7.19.1":
  version "7.19.1"
  resolved "https://registry.yarnpkg.com/@babel/helper-validator-identifier/-/helper-validator-identifier-7.19.1.tgz#7eea834cf32901ffdc1a7ee555e2f9c27e249ca2"
  integrity sha512-awrNfaMtnHUr653GgGEs++LlAvW6w+DcPrOliSMXWCKo597CwL5Acf/wWdNkf/tfEQE3mjkeD1YOVZOUV/od1w==

"@babel/helper-validator-option@^7.21.0":
  version "7.21.0"
  resolved "https://registry.yarnpkg.com/@babel/helper-validator-option/-/helper-validator-option-7.21.0.tgz#8224c7e13ace4bafdc4004da2cf064ef42673180"
  integrity sha512-rmL/B8/f0mKS2baE9ZpyTcTavvEuWhTTW8amjzXNvYG4AwBsqTLikfXsEofsJEfKHf+HQVQbFOHy6o+4cnC/fQ==

"@babel/helpers@^7.21.0":
  version "7.21.0"
  resolved "https://registry.yarnpkg.com/@babel/helpers/-/helpers-7.21.0.tgz#9dd184fb5599862037917cdc9eecb84577dc4e7e"
  integrity sha512-XXve0CBtOW0pd7MRzzmoyuSj0e3SEzj8pgyFxnTT1NJZL38BD1MK7yYrm8yefRPIDvNNe14xR4FdbHwpInD4rA==
  dependencies:
    "@babel/template" "^7.20.7"
    "@babel/traverse" "^7.21.0"
    "@babel/types" "^7.21.0"

"@babel/highlight@^7.18.6":
  version "7.18.6"
  resolved "https://registry.yarnpkg.com/@babel/highlight/-/highlight-7.18.6.tgz#81158601e93e2563795adcbfbdf5d64be3f2ecdf"
  integrity sha512-u7stbOuYjaPezCuLj29hNW1v64M2Md2qupEKP1fHc7WdOA3DgLh37suiSrZYY7haUB7iBeQZ9P1uiRF359do3g==
  dependencies:
    "@babel/helper-validator-identifier" "^7.18.6"
    chalk "^2.0.0"
    js-tokens "^4.0.0"

"@babel/parser@^7.20.7", "@babel/parser@^7.21.4":
  version "7.21.4"
  resolved "https://registry.yarnpkg.com/@babel/parser/-/parser-7.21.4.tgz#94003fdfc520bbe2875d4ae557b43ddb6d880f17"
  integrity sha512-alVJj7k7zIxqBZ7BTRhz0IqJFxW1VJbm6N8JbcYhQ186df9ZBPbZBmWSqAMXwHGsCJdYks7z/voa3ibiS5bCIw==

"@babel/template@^7.20.7":
  version "7.20.7"
  resolved "https://registry.yarnpkg.com/@babel/template/-/template-7.20.7.tgz#a15090c2839a83b02aa996c0b4994005841fd5a8"
  integrity sha512-8SegXApWe6VoNw0r9JHpSteLKTpTiLZ4rMlGIm9JQ18KiCtyQiAMEazujAHrUS5flrcqYZa75ukev3P6QmUwUw==
  dependencies:
    "@babel/code-frame" "^7.18.6"
    "@babel/parser" "^7.20.7"
    "@babel/types" "^7.20.7"

"@babel/traverse@^7.21.0", "@babel/traverse@^7.21.2", "@babel/traverse@^7.21.4":
  version "7.21.4"
  resolved "https://registry.yarnpkg.com/@babel/traverse/-/traverse-7.21.4.tgz#a836aca7b116634e97a6ed99976236b3282c9d36"
  integrity sha512-eyKrRHKdyZxqDm+fV1iqL9UAHMoIg0nDaGqfIOd8rKH17m5snv7Gn4qgjBoFfLz9APvjFU/ICT00NVCv1Epp8Q==
  dependencies:
    "@babel/code-frame" "^7.21.4"
    "@babel/generator" "^7.21.4"
    "@babel/helper-environment-visitor" "^7.18.9"
    "@babel/helper-function-name" "^7.21.0"
    "@babel/helper-hoist-variables" "^7.18.6"
    "@babel/helper-split-export-declaration" "^7.18.6"
    "@babel/parser" "^7.21.4"
    "@babel/types" "^7.21.4"
    debug "^4.1.0"
    globals "^11.1.0"

"@babel/types@^7.18.6", "@babel/types@^7.20.2", "@babel/types@^7.20.7", "@babel/types@^7.21.0", "@babel/types@^7.21.2", "@babel/types@^7.21.4":
  version "7.21.4"
  resolved "https://registry.yarnpkg.com/@babel/types/-/types-7.21.4.tgz#2d5d6bb7908699b3b416409ffd3b5daa25b030d4"
  integrity sha512-rU2oY501qDxE8Pyo7i/Orqma4ziCOrby0/9mvbDUGEfvZjb279Nk9k19e2fiCxHbRRpY2ZyrgW1eq22mvmOIzA==
  dependencies:
    "@babel/helper-string-parser" "^7.19.4"
    "@babel/helper-validator-identifier" "^7.19.1"
    to-fast-properties "^2.0.0"

"@jridgewell/gen-mapping@^0.3.0", "@jridgewell/gen-mapping@^0.3.2":
  version "0.3.3"
  resolved "https://registry.yarnpkg.com/@jridgewell/gen-mapping/-/gen-mapping-0.3.3.tgz#7e02e6eb5df901aaedb08514203b096614024098"
  integrity sha512-HLhSWOLRi875zjjMG/r+Nv0oCW8umGb0BgEhyX3dDX3egwZtB8PqLnjz3yedt8R5StBrzcg4aBpnh8UA9D1BoQ==
  dependencies:
    "@jridgewell/set-array" "^1.0.1"
    "@jridgewell/sourcemap-codec" "^1.4.10"
    "@jridgewell/trace-mapping" "^0.3.9"

"@jridgewell/resolve-uri@3.1.0":
  version "3.1.0"
  resolved "https://registry.yarnpkg.com/@jridgewell/resolve-uri/-/resolve-uri-3.1.0.tgz#2203b118c157721addfe69d47b70465463066d78"
  integrity sha512-F2msla3tad+Mfht5cJq7LSXcdudKTWCVYUgw6pLFOOHSTtZlj6SWNYAp+AhuqLmWdBO2X5hPrLcu8cVP8fy28w==

"@jridgewell/set-array@^1.0.1":
  version "1.1.2"
  resolved "https://registry.yarnpkg.com/@jridgewell/set-array/-/set-array-1.1.2.tgz#7c6cf998d6d20b914c0a55a91ae928ff25965e72"
  integrity sha512-xnkseuNADM0gt2bs+BvhO0p78Mk762YnZdsuzFV018NoG1Sj1SCQvpSqa7XUaTam5vAGasABV9qXASMKnFMwMw==

"@jridgewell/sourcemap-codec@1.4.14":
  version "1.4.14"
  resolved "https://registry.yarnpkg.com/@jridgewell/sourcemap-codec/-/sourcemap-codec-1.4.14.tgz#add4c98d341472a289190b424efbdb096991bb24"
  integrity sha512-XPSJHWmi394fuUuzDnGz1wiKqWfo1yXecHQMRf2l6hztTO+nPru658AyDngaBe7isIxEkRsPR3FZh+s7iVa4Uw==

"@jridgewell/sourcemap-codec@^1.4.10":
  version "1.4.15"
  resolved "https://registry.yarnpkg.com/@jridgewell/sourcemap-codec/-/sourcemap-codec-1.4.15.tgz#d7c6e6755c78567a951e04ab52ef0fd26de59f32"
  integrity sha512-eF2rxCRulEKXHTRiDrDy6erMYWqNw4LPdQ8UQA4huuxaQsVeRPFl2oM8oDGxMFhJUWZf9McpLtJasDDZb/Bpeg==

"@jridgewell/trace-mapping@^0.3.17", "@jridgewell/trace-mapping@^0.3.9":
  version "0.3.18"
  resolved "https://registry.yarnpkg.com/@jridgewell/trace-mapping/-/trace-mapping-0.3.18.tgz#25783b2086daf6ff1dcb53c9249ae480e4dd4cd6"
  integrity sha512-w+niJYzMHdd7USdiH2U6869nqhD2nbfZXND5Yp93qIbEmnDNk7PD48o+YchRVpzMU7M6jVCbenTR7PA1FLQ9pA==
  dependencies:
    "@jridgewell/resolve-uri" "3.1.0"
    "@jridgewell/sourcemap-codec" "1.4.14"

"@next/env@12.1.0":
  version "12.1.0"
  resolved "https://registry.yarnpkg.com/@next/env/-/env-12.1.0.tgz#73713399399b34aa5a01771fb73272b55b22c314"
  integrity sha512-nrIgY6t17FQ9xxwH3jj0a6EOiQ/WDHUos35Hghtr+SWN/ntHIQ7UpuvSi0vaLzZVHQWaDupKI+liO5vANcDeTQ==

"@next/swc-android-arm64@12.1.0":
  version "12.1.0"
  resolved "https://registry.yarnpkg.com/@next/swc-android-arm64/-/swc-android-arm64-12.1.0.tgz#865ba3a9afc204ff2bdeea49dd64d58705007a39"
  integrity sha512-/280MLdZe0W03stA69iL+v6I+J1ascrQ6FrXBlXGCsGzrfMaGr7fskMa0T5AhQIVQD4nA/46QQWxG//DYuFBcA==

"@next/swc-darwin-arm64@12.1.0":
  version "12.1.0"
  resolved "https://registry.yarnpkg.com/@next/swc-darwin-arm64/-/swc-darwin-arm64-12.1.0.tgz#08e8b411b8accd095009ed12efbc2f1d4d547135"
  integrity sha512-R8vcXE2/iONJ1Unf5Ptqjk6LRW3bggH+8drNkkzH4FLEQkHtELhvcmJwkXcuipyQCsIakldAXhRbZmm3YN1vXg==

"@next/swc-darwin-x64@12.1.0":
  version "12.1.0"
  resolved "https://registry.yarnpkg.com/@next/swc-darwin-x64/-/swc-darwin-x64-12.1.0.tgz#fcd684497a76e8feaca88db3c394480ff0b007cd"
  integrity sha512-ieAz0/J0PhmbZBB8+EA/JGdhRHBogF8BWaeqR7hwveb6SYEIJaDNQy0I+ZN8gF8hLj63bEDxJAs/cEhdnTq+ug==

"@next/swc-linux-arm-gnueabihf@12.1.0":
  version "12.1.0"
  resolved "https://registry.yarnpkg.com/@next/swc-linux-arm-gnueabihf/-/swc-linux-arm-gnueabihf-12.1.0.tgz#9ec6380a27938a5799aaa6035c205b3c478468a7"
  integrity sha512-njUd9hpl6o6A5d08dC0cKAgXKCzm5fFtgGe6i0eko8IAdtAPbtHxtpre3VeSxdZvuGFh+hb0REySQP9T1ttkog==

"@next/swc-linux-arm64-gnu@12.1.0":
  version "12.1.0"
  resolved "https://registry.yarnpkg.com/@next/swc-linux-arm64-gnu/-/swc-linux-arm64-gnu-12.1.0.tgz#7f4196dff1049cea479607c75b81033ae2dbd093"
  integrity sha512-OqangJLkRxVxMhDtcb7Qn1xjzFA3s50EIxY7mljbSCLybU+sByPaWAHY4px97ieOlr2y4S0xdPKkQ3BCAwyo6Q==

"@next/swc-linux-arm64-musl@12.1.0":
  version "12.1.0"
  resolved "https://registry.yarnpkg.com/@next/swc-linux-arm64-musl/-/swc-linux-arm64-musl-12.1.0.tgz#b445f767569cdc2dddee785ca495e1a88c025566"
  integrity sha512-hB8cLSt4GdmOpcwRe2UzI5UWn6HHO/vLkr5OTuNvCJ5xGDwpPXelVkYW/0+C3g5axbDW2Tym4S+MQCkkH9QfWA==

"@next/swc-linux-x64-gnu@12.1.0":
  version "12.1.0"
  resolved "https://registry.yarnpkg.com/@next/swc-linux-x64-gnu/-/swc-linux-x64-gnu-12.1.0.tgz#67610e9be4fbc987de7535f1bcb17e45fe12f90e"
  integrity sha512-OKO4R/digvrVuweSw/uBM4nSdyzsBV5EwkUeeG4KVpkIZEe64ZwRpnFB65bC6hGwxIBnTv5NMSnJ+0K/WmG78A==

"@next/swc-linux-x64-musl@12.1.0":
  version "12.1.0"
  resolved "https://registry.yarnpkg.com/@next/swc-linux-x64-musl/-/swc-linux-x64-musl-12.1.0.tgz#ea19a23db08a9f2e34ac30401f774cf7d1669d31"
  integrity sha512-JohhgAHZvOD3rQY7tlp7NlmvtvYHBYgY0x5ZCecUT6eCCcl9lv6iV3nfu82ErkxNk1H893fqH0FUpznZ/H3pSw==

"@next/swc-win32-arm64-msvc@12.1.0":
  version "12.1.0"
  resolved "https://registry.yarnpkg.com/@next/swc-win32-arm64-msvc/-/swc-win32-arm64-msvc-12.1.0.tgz#eadf054fc412085659b98e145435bbba200b5283"
  integrity sha512-T/3gIE6QEfKIJ4dmJk75v9hhNiYZhQYAoYm4iVo1TgcsuaKLFa+zMPh4056AHiG6n9tn2UQ1CFE8EoybEsqsSw==

"@next/swc-win32-ia32-msvc@12.1.0":
  version "12.1.0"
  resolved "https://registry.yarnpkg.com/@next/swc-win32-ia32-msvc/-/swc-win32-ia32-msvc-12.1.0.tgz#68faeae10c89f698bf9d28759172b74c9c21bda1"
  integrity sha512-iwnKgHJdqhIW19H9PRPM9j55V6RdcOo6rX+5imx832BCWzkDbyomWnlzBfr6ByUYfhohb8QuH4hSGEikpPqI0Q==

"@next/swc-win32-x64-msvc@12.1.0":
  version "12.1.0"
  resolved "https://registry.yarnpkg.com/@next/swc-win32-x64-msvc/-/swc-win32-x64-msvc-12.1.0.tgz#d27e7e76c87a460a4da99c5bfdb1618dcd6cd064"
  integrity sha512-aBvcbMwuanDH4EMrL2TthNJy+4nP59Bimn8egqv6GHMVj0a44cU6Au4PjOhLNqEh9l+IpRGBqMTzec94UdC5xg==

"@sanity/client@^3.2.0":
  version "3.4.1"
  resolved "https://registry.yarnpkg.com/@sanity/client/-/client-3.4.1.tgz#d1bd02bafc50eb0aac8d5b6fab942da52549652f"
  integrity sha512-WSvnroCHqboUeyY0nl71vDPKmfurXI0mtqdNDb5u8MW00CAHRyCt1+Sgy39D/g+6R35FYniV31vTSTo3ofim0A==
  dependencies:
    "@sanity/eventsource" "^4.0.0"
    get-it "^6.1.1"
    make-error "^1.3.0"
    object-assign "^4.1.1"
    rxjs "^6.0.0"

"@sanity/eventsource@^4.0.0":
  version "4.1.1"
  resolved "https://registry.yarnpkg.com/@sanity/eventsource/-/eventsource-4.1.1.tgz#9a86c5d3dba4c8579cef813bf8bc63e05134413e"
  integrity sha512-4RpexVqD+hbIXDgFLgWq/vSJWHNEBbc9eGa96ear/3ADFhMQx+QG4Q7r3QmQkB2t7LfUrrJfMQn9sMwaBTlurg==
  dependencies:
    event-source-polyfill "1.0.31"
    eventsource "2.0.2"

"@sanity/image-url@^0.140.22":
  version "0.140.22"
  resolved "https://registry.yarnpkg.com/@sanity/image-url/-/image-url-0.140.22.tgz#7a65f56bb751f7b1c5dfacfadd34ee10fc4f0fde"
  integrity sha512-CAmQZnj+KM7FSEYiWlIGDit072syicYuAw0w7R2ctMzHiZ4p9mE/g6dBnYqrqFUrw2J+GpJgPt+RVspKP8vdqA==

"@sanity/image-url@^1.0.1":
  version "1.0.2"
  resolved "https://registry.yarnpkg.com/@sanity/image-url/-/image-url-1.0.2.tgz#1ff7259e9bad6bfca4169f21c53a4123f6ac78c3"
  integrity sha512-C4+jb2ny3ZbMgEkLd7Z3C75DsxcTEoE+axXQJsQ75ou0AKWGdVsP351hqK6mJUUxn5HCSlu3vznoh7Yljye4cQ==

"@sanity/timed-out@^4.0.2":
  version "4.0.2"
  resolved "https://registry.yarnpkg.com/@sanity/timed-out/-/timed-out-4.0.2.tgz#c9f61f9a1609baa1eb3e4235a24ea2a775022cdf"
  integrity sha512-NBDKGj14g9Z+bopIvZcQKWCzJq5JSrdmzRR1CS+iyA3Gm8SnIWBfZa7I3mTg2X6Nu8LQXG0EPKXdOGozLS4i3w==

"@stripe/stripe-js@^1.25.0":
  version "1.52.1"
  resolved "https://registry.yarnpkg.com/@stripe/stripe-js/-/stripe-js-1.52.1.tgz#d821bcd627a34227c20fe87d7c8f8bd4386eaf2e"
  integrity sha512-fza40OPSpGQlFxc5TZWiYC/6Lk89Sep1fLuv9ss33YS6lCAF8UZbfA1E6W+lwO4c7WRKZIZumHIEbPJfP/O9uw==

"@types/node@>=8.1.0":
  version "18.16.0"
  resolved "https://registry.yarnpkg.com/@types/node/-/node-18.16.0.tgz#4668bc392bb6938637b47e98b1f2ed5426f33316"
  integrity sha512-BsAaKhB+7X+H4GnSjGhJG9Qi8Tw+inU9nJDwmD5CgOmBLEI6ArdhikpLX7DjbjDRDTbqZzU2LSQNZg8WGPiSZQ==

ansi-styles@^3.2.1:
  version "3.2.1"
  resolved "https://registry.yarnpkg.com/ansi-styles/-/ansi-styles-3.2.1.tgz#41fbb20243e50b12be0f04b8dedbf07520ce841d"
  integrity sha512-VT0ZI6kZRdTh8YyJw3SMbYm/u+NqfsAxEpWO0Pf9sq8/e94WxxOpPKx9FR1FlyCtOVDNOQ+8ntlqFxiRc+r5qA==
  dependencies:
    color-convert "^1.9.0"

browserslist@^4.21.3:
  version "4.21.5"
  resolved "https://registry.yarnpkg.com/browserslist/-/browserslist-4.21.5.tgz#75c5dae60063ee641f977e00edd3cfb2fb7af6a7"
  integrity sha512-tUkiguQGW7S3IhB7N+c2MV/HZPSCPAAiYBZXLsBhFB/PCy6ZKKsZrmBayHV9fdGV/ARIfJ14NkxKzRDjvp7L6w==
  dependencies:
    caniuse-lite "^1.0.30001449"
    electron-to-chromium "^1.4.284"
    node-releases "^2.0.8"
    update-browserslist-db "^1.0.10"

call-bind@^1.0.0:
  version "1.0.2"
  resolved "https://registry.yarnpkg.com/call-bind/-/call-bind-1.0.2.tgz#b1d4e89e688119c3c9a903ad30abb2f6a919be3c"
  integrity sha512-7O+FbCihrB5WGbFYesctwmTKae6rOiIzmz1icreWJ+0aA7LJfuqhEso2T9ncpcFtzMQtzXf2QGGueWJGTYsqrA==
  dependencies:
    function-bind "^1.1.1"
    get-intrinsic "^1.0.2"

caniuse-lite@^1.0.30001283, caniuse-lite@^1.0.30001449:
  version "1.0.30001481"
  resolved "https://registry.yarnpkg.com/caniuse-lite/-/caniuse-lite-1.0.30001481.tgz#f58a717afe92f9e69d0e35ff64df596bfad93912"
  integrity sha512-KCqHwRnaa1InZBtqXzP98LPg0ajCVujMKjqKDhZEthIpAsJl/YEIa3YvXjGXPVqzZVguccuu7ga9KOE1J9rKPQ==

canvas-confetti@^1.5.1:
  version "1.6.0"
  resolved "https://registry.yarnpkg.com/canvas-confetti/-/canvas-confetti-1.6.0.tgz#193f71aa8f38fc850a5ba94f59091a7afdb43ead"
  integrity sha512-ej+w/m8Jzpv9Z7W7uJZer14Ke8P2ogsjg4ZMGIuq4iqUOqY2Jq8BNW42iGmNfRwREaaEfFIczLuZZiEVSYNHAA==

capture-stack-trace@^1.0.0:
  version "1.0.2"
  resolved "https://registry.yarnpkg.com/capture-stack-trace/-/capture-stack-trace-1.0.2.tgz#1c43f6b059d4249e7f3f8724f15f048b927d3a8a"
  integrity sha512-X/WM2UQs6VMHUtjUDnZTRI+i1crWteJySFzr9UpGoQa4WQffXVTTXuekjl7TjZRlcF2XfjgITT0HxZ9RnxeT0w==

chalk@^2.0.0:
  version "2.4.2"
  resolved "https://registry.yarnpkg.com/chalk/-/chalk-2.4.2.tgz#cd42541677a54333cf541a49108c1432b44c9424"
  integrity sha512-Mti+f9lpJNcwF4tWV8/OrTTtF1gZi+f8FqlyAdouralcFWFQWF2+NgCHShjkCb+IFBLq9buZwE1xckQU4peSuQ==
  dependencies:
    ansi-styles "^3.2.1"
    escape-string-regexp "^1.0.5"
    supports-color "^5.3.0"

color-convert@^1.9.0:
  version "1.9.3"
  resolved "https://registry.yarnpkg.com/color-convert/-/color-convert-1.9.3.tgz#bb71850690e1f136567de629d2d5471deda4c1e8"
  integrity sha512-QfAUtd+vFdAtFQcC8CCyYt1fYWxSqAiK2cSD6zDB8N3cpsEBAvRxp9zOGg6G/SHHJYAT88/az/IuDGALsNVbGg==
  dependencies:
    color-name "1.1.3"

color-name@1.1.3:
  version "1.1.3"
  resolved "https://registry.yarnpkg.com/color-name/-/color-name-1.1.3.tgz#a7d0558bd89c42f795dd42328f740831ca53bc25"
  integrity sha512-72fSenhMw2HZMTVHeCA9KCmpEIbzWiQsjN+BHcBbS9vr1mtt+vJjPdksIBNUmKAW8TFUDPJK5SUU3QhE9NEXDw==

convert-source-map@^1.7.0:
  version "1.9.0"
  resolved "https://registry.yarnpkg.com/convert-source-map/-/convert-source-map-1.9.0.tgz#7faae62353fb4213366d0ca98358d22e8368b05f"
  integrity sha512-ASFBup0Mz1uyiIjANan1jzLQami9z1PoYSZCiiYW2FczPbenXc45FZdBZLzOT+r6+iciuEModtmCti+hjaAk0A==

core-util-is@~1.0.0:
  version "1.0.3"
  resolved "https://registry.yarnpkg.com/core-util-is/-/core-util-is-1.0.3.tgz#a6042d3634c2b27e9328f837b965fac83808db85"
  integrity sha512-ZQBvi1DcpJ4GDqanjucZ2Hj3wEO5pZDS89BWbkcrvdxksJorwUDDZamX9ldFkp9aw2lmBDLgkObEA4DWNJ9FYQ==

create-error-class@^3.0.2:
  version "3.0.2"
  resolved "https://registry.yarnpkg.com/create-error-class/-/create-error-class-3.0.2.tgz#06be7abef947a3f14a30fd610671d401bca8b7b6"
  integrity sha512-gYTKKexFO3kh200H1Nit76sRwRtOY32vQd3jpAQKpLtZqyNsSQNfI4N7o3eP2wUjV35pTWKRYqFUDBvUha/Pkw==
  dependencies:
    capture-stack-trace "^1.0.0"

debug@^2.6.8:
  version "2.6.9"
  resolved "https://registry.yarnpkg.com/debug/-/debug-2.6.9.tgz#5d128515df134ff327e90a4c93f4e077a536341f"
  integrity sha512-bC7ElrdJaJnPbAP+1EotYvqZsb3ecl5wi6Bfi6BJTUcNowp6cvspg0jXznRTKDjm/E7AdgFBVeAPVMNcKGsHMA==
  dependencies:
    ms "2.0.0"

debug@^4.1.0:
  version "4.3.4"
  resolved "https://registry.yarnpkg.com/debug/-/debug-4.3.4.tgz#1319f6579357f2338d3337d2cdd4914bb5dcc865"
  integrity sha512-PRWFHuSU3eDtQJPvnNY7Jcket1j0t5OuOsFzPPzsekD52Zl8qUfFIPEiswXqIvHWGVHOgX+7G/vCNNhehwxfkQ==
  dependencies:
    ms "2.1.2"

decompress-response@^6.0.0:
  version "6.0.0"
  resolved "https://registry.yarnpkg.com/decompress-response/-/decompress-response-6.0.0.tgz#ca387612ddb7e104bd16d85aab00d5ecf09c66fc"
  integrity sha512-aW35yZM6Bb/4oJlZncMH2LCoZtJXTRxES17vE3hoRiowU2kWHaJKFkSBDnDR+cm9J+9QhXmREyIfv0pji9ejCQ==
  dependencies:
    mimic-response "^3.1.0"

electron-to-chromium@^1.4.284:
  version "1.4.371"
  resolved "https://registry.yarnpkg.com/electron-to-chromium/-/electron-to-chromium-1.4.371.tgz#393983ef087268a20c926a89be30e9f0bfc803b0"
  integrity sha512-jlBzY4tFcJaiUjzhRTCWAqRvTO/fWzjA3Bls0mykzGZ7zvcMP7h05W6UcgzfT9Ca1SW2xyKDOFRyI0pQeRNZGw==

escalade@^3.1.1:
  version "3.1.1"
  resolved "https://registry.yarnpkg.com/escalade/-/escalade-3.1.1.tgz#d8cfdc7000965c5a0174b4a82eaa5c0552742e40"
  integrity sha512-k0er2gUkLf8O0zKJiAhmkTnJlTvINGv7ygDNPbeIsX/TJjGJZHuh9B2UxbsaEkmlEo9MfhrSzmhIlhRlI2GXnw==

escape-string-regexp@^1.0.5:
  version "1.0.5"
  resolved "https://registry.yarnpkg.com/escape-string-regexp/-/escape-string-regexp-1.0.5.tgz#1b61c0562190a8dff6ae3bb2cf0200ca130b86d4"
  integrity sha512-vbRorB5FUQWvla16U8R/qgaFIya2qGzwDrNmCZuYKrbdSUMG6I1ZCGQRefkRVhuOkIGVne7BQ35DSfo1qvJqFg==

event-source-polyfill@1.0.31:
  version "1.0.31"
  resolved "https://registry.yarnpkg.com/event-source-polyfill/-/event-source-polyfill-1.0.31.tgz#45fb0a6fc1375b2ba597361ba4287ffec5bf2e0c"
  integrity sha512-4IJSItgS/41IxN5UVAVuAyczwZF7ZIEsM1XAoUzIHA6A+xzusEZUutdXz2Nr+MQPLxfTiCvqE79/C8HT8fKFvA==

eventsource@2.0.2:
  version "2.0.2"
  resolved "https://registry.yarnpkg.com/eventsource/-/eventsource-2.0.2.tgz#76dfcc02930fb2ff339520b6d290da573a9e8508"
  integrity sha512-IzUmBGPR3+oUG9dUeXynyNmf91/3zUSJg1lCktzKw47OXuhco54U3r9B7O4XX+Rb1Itm9OZ2b0RkTs10bICOxA==

follow-redirects@^1.2.4:
  version "1.15.2"
  resolved "https://registry.yarnpkg.com/follow-redirects/-/follow-redirects-1.15.2.tgz#b460864144ba63f2681096f274c4e57026da2c13"
  integrity sha512-VQLG33o04KaQ8uYi2tVNbdrWp1QWxNNea+nmIB4EVM28v0hmP17z7aG1+wAkNzVq4KeXTq3221ye5qTJP91JwA==

form-urlencoded@^2.0.7:
  version "2.0.9"
  resolved "https://registry.yarnpkg.com/form-urlencoded/-/form-urlencoded-2.0.9.tgz#ea07c5dbd9aa739275d53ec5c671ea069fe7d597"
  integrity sha512-fWUzNiOnYa126vFAT6TFXd1mhJrvD8IqmQ9ilZPjkLYQfaRreBr5fIUoOpPlWtqaAG64nzoE7u5zSetifab9IA==

from2@^2.1.1:
  version "2.3.0"
  resolved "https://registry.yarnpkg.com/from2/-/from2-2.3.0.tgz#8bfb5502bde4a4d36cfdeea007fcca21d7e382af"
  integrity sha512-OMcX/4IC/uqEPVgGeyfN22LJk6AZrMkRZHxcHBMBvHScDGgwTm2GT2Wkgtocyd3JfZffjj2kYUDXXII0Fk9W0g==
  dependencies:
    inherits "^2.0.1"
    readable-stream "^2.0.0"

function-bind@^1.1.1:
  version "1.1.1"
  resolved "https://registry.yarnpkg.com/function-bind/-/function-bind-1.1.1.tgz#a56899d3ea3c9bab874bb9773b7c5ede92f4895d"
  integrity sha512-yIovAzMX49sF8Yl58fSCWJ5svSLuaibPxXQJFLmBObTuCr0Mf1KiPopGM9NiFjiYBCbfaa2Fh6breQ6ANVTI0A==

gensync@^1.0.0-beta.2:
  version "1.0.0-beta.2"
  resolved "https://registry.yarnpkg.com/gensync/-/gensync-1.0.0-beta.2.tgz#32a6ee76c3d7f52d46b2b1ae5d93fea8580a25e0"
  integrity sha512-3hN7NaskYvMDLQY55gnW3NQ+mesEAepTqlg+VEbj7zzqEMBVNhzcGYYeqFo/TlYz6eQiFcp1HcsCZO+nGgS8zg==

get-intrinsic@^1.0.2:
  version "1.2.0"
  resolved "https://registry.yarnpkg.com/get-intrinsic/-/get-intrinsic-1.2.0.tgz#7ad1dc0535f3a2904bba075772763e5051f6d05f"
  integrity sha512-L049y6nFOuom5wGyRc3/gdTLO94dySVKRACj1RmJZBQXlbTMhtNIgkWkUHq+jYmZvKf14EW1EoJnnjbmoHij0Q==
  dependencies:
    function-bind "^1.1.1"
    has "^1.0.3"
    has-symbols "^1.0.3"

get-it@^6.1.1:
  version "6.1.1"
  resolved "https://registry.yarnpkg.com/get-it/-/get-it-6.1.1.tgz#793100756a800808abc8f0d981ca5c7b90fe343d"
  integrity sha512-2835L9lb4NAgjAbFOMMOm2XDSgj+lWmmCQv40A5rE7zZoIdM2+yk7Ie+sBD3T5lHW/Dw5IFFHyx16oQGpAo4hQ==
  dependencies:
    "@sanity/timed-out" "^4.0.2"
    create-error-class "^3.0.2"
    debug "^2.6.8"
    decompress-response "^6.0.0"
    follow-redirects "^1.2.4"
    form-urlencoded "^2.0.7"
    into-stream "^3.1.0"
    is-plain-object "^2.0.4"
    is-retry-allowed "^1.1.0"
    is-stream "^1.1.0"
    nano-pubsub "^1.0.2"
    object-assign "^4.1.1"
    parse-headers "^2.0.4"
    progress-stream "^2.0.0"
    same-origin "^0.1.1"
    simple-concat "^1.0.1"
    tunnel-agent "^0.6.0"
    url-parse "^1.1.9"

globals@^11.1.0:
  version "11.12.0"
  resolved "https://registry.yarnpkg.com/globals/-/globals-11.12.0.tgz#ab8795338868a0babd8525758018c2a7eb95c42e"
  integrity sha512-WOBp/EEGUiIsJSp7wcv/y6MO+lV9UoncWqxuFfm8eBwzWNgyfBd6Gz+IeKQ9jCmyhoH99g15M3T+QaVHFjizVA==

goober@^2.1.10:
  version "2.1.13"
  resolved "https://registry.yarnpkg.com/goober/-/goober-2.1.13.tgz#e3c06d5578486212a76c9eba860cbc3232ff6d7c"
  integrity sha512-jFj3BQeleOoy7t93E9rZ2de+ScC4lQICLwiAQmKMg9F6roKGaLSHoCDYKkWlSafg138jejvq/mTdvmnwDQgqoQ==

has-flag@^3.0.0:
  version "3.0.0"
  resolved "https://registry.yarnpkg.com/has-flag/-/has-flag-3.0.0.tgz#b5d454dc2199ae225699f3467e5a07f3b955bafd"
  integrity sha512-sKJf1+ceQBr4SMkvQnBDNDtf4TXpVhVGateu0t918bl30FnbE2m4vNLX+VWe/dpjlb+HugGYzW7uQXH98HPEYw==

has-symbols@^1.0.3:
  version "1.0.3"
  resolved "https://registry.yarnpkg.com/has-symbols/-/has-symbols-1.0.3.tgz#bb7b2c4349251dce87b125f7bdf874aa7c8b39f8"
  integrity sha512-l3LCuF6MgDNwTDKkdYGEihYjt5pRPbEg46rtlmnSPlUbgmB8LOIrKJbYYFBSbnPaJexMKtiPO8hmeRjRz2Td+A==

has@^1.0.3:
  version "1.0.3"
  resolved "https://registry.yarnpkg.com/has/-/has-1.0.3.tgz#722d7cbfc1f6aa8241f16dd814e011e1f41e8796"
  integrity sha512-f2dvO0VU6Oej7RkWJGrehjbzMAjFp5/VKPp5tTpWIV4JHHZK1/BxbFRtf/siA2SWTe09caDmVtYYzWEIbBS4zw==
  dependencies:
    function-bind "^1.1.1"

inherits@^2.0.1, inherits@~2.0.3:
  version "2.0.4"
  resolved "https://registry.yarnpkg.com/inherits/-/inherits-2.0.4.tgz#0fa2c64f932917c3433a0ded55363aae37416b7c"
  integrity sha512-k/vGaX4/Yla3WzyMCvTQOXYeIHvqOKtnqBduzTHpzpQZzAskKMhZ2K+EnBiSM9zGSoIFeMpXKxa4dYeZIQqewQ==

into-stream@^3.1.0:
  version "3.1.0"
  resolved "https://registry.yarnpkg.com/into-stream/-/into-stream-3.1.0.tgz#96fb0a936c12babd6ff1752a17d05616abd094c6"
  integrity sha512-TcdjPibTksa1NQximqep2r17ISRiNE9fwlfbg3F8ANdvP5/yrFTew86VcO//jk4QTaMlbjypPBq76HN2zaKfZQ==
  dependencies:
    from2 "^2.1.1"
    p-is-promise "^1.1.0"

is-plain-object@^2.0.4:
  version "2.0.4"
  resolved "https://registry.yarnpkg.com/is-plain-object/-/is-plain-object-2.0.4.tgz#2c163b3fafb1b606d9d17928f05c2a1c38e07677"
  integrity sha512-h5PpgXkWitc38BBMYawTYMWJHFZJVnBquFE57xFpjB8pJFiF6gZ+bU+WyI/yqXiFR5mdLsgYNaPe8uao6Uv9Og==
  dependencies:
    isobject "^3.0.1"

is-retry-allowed@^1.1.0:
  version "1.2.0"
  resolved "https://registry.yarnpkg.com/is-retry-allowed/-/is-retry-allowed-1.2.0.tgz#d778488bd0a4666a3be8a1482b9f2baafedea8b4"
  integrity sha512-RUbUeKwvm3XG2VYamhJL1xFktgjvPzL0Hq8C+6yrWIswDy3BIXGqCxhxkc30N9jqK311gVU137K8Ei55/zVJRg==

is-stream@^1.1.0:
  version "1.1.0"
  resolved "https://registry.yarnpkg.com/is-stream/-/is-stream-1.1.0.tgz#12d4a3dd4e68e0b79ceb8dbc84173ae80d91ca44"
  integrity sha512-uQPm8kcs47jx38atAcWTVxyltQYoPT68y9aWYdV6yWXSyW8mzSat0TL6CiWdZeCdF3KrAvpVtnHbTv4RN+rqdQ==

isarray@~1.0.0:
  version "1.0.0"
  resolved "https://registry.yarnpkg.com/isarray/-/isarray-1.0.0.tgz#bb935d48582cba168c06834957a54a3e07124f11"
  integrity sha512-VLghIWNM6ELQzo7zwmcg0NmTVyWKYjvIeM83yjp0wRDTmUnrM678fQbcKBo6n2CJEF0szoG//ytg+TKla89ALQ==

isobject@^3.0.1:
  version "3.0.1"
  resolved "https://registry.yarnpkg.com/isobject/-/isobject-3.0.1.tgz#4e431e92b11a9731636aa1f9c8d1ccbcfdab78df"
  integrity sha512-WhB9zCku7EGTj/HQQRz5aUQEUeoQZH2bWcltRErOpymJ4boYE6wL9Tbr23krRPSZ+C5zqNSrSw+Cc7sZZ4b7vg==

"js-tokens@^3.0.0 || ^4.0.0", js-tokens@^4.0.0:
  version "4.0.0"
  resolved "https://registry.yarnpkg.com/js-tokens/-/js-tokens-4.0.0.tgz#19203fb59991df98e3a287050d4647cdeaf32499"
  integrity sha512-RdJUflcE3cUzKiMqQgsCu06FPu9UdIJO0beYbPhHN4k6apgJtifcoCtT9bcxOpYBtpD2kCM6Sbzg4CausW/PKQ==

jsesc@^2.5.1:
  version "2.5.2"
  resolved "https://registry.yarnpkg.com/jsesc/-/jsesc-2.5.2.tgz#80564d2e483dacf6e8ef209650a67df3f0c283a4"
  integrity sha512-OYu7XEzjkCQ3C5Ps3QIZsQfNpqoJyZZA99wd9aWd05NCtC5pWOkShK2mkL6HXQR6/Cy2lbNdPlZBpuQHXE63gA==

json5@^2.2.2:
  version "2.2.3"
  resolved "https://registry.yarnpkg.com/json5/-/json5-2.2.3.tgz#78cd6f1a19bdc12b73db5ad0c61efd66c1e29283"
  integrity sha512-XmOWe7eyHYH14cLdVPoyg+GOH3rYX++KpzrylJwSW98t3Nk+U8XOl8FWKOgwtzdb8lXGf6zYwDUzeHMWfxasyg==

loose-envify@^1.1.0:
  version "1.4.0"
  resolved "https://registry.yarnpkg.com/loose-envify/-/loose-envify-1.4.0.tgz#71ee51fa7be4caec1a63839f7e682d8132d30caf"
  integrity sha512-lyuxPGr/Wfhrlem2CL/UcnUc1zcqKAImBDzukY7Y5F/yQiNdko6+fRLevlw1HgMySw7f611UIY408EtxRSoK3Q==
  dependencies:
    js-tokens "^3.0.0 || ^4.0.0"

lru-cache@^5.1.1:
  version "5.1.1"
  resolved "https://registry.yarnpkg.com/lru-cache/-/lru-cache-5.1.1.tgz#1da27e6710271947695daf6848e847f01d84b920"
  integrity sha512-KpNARQA3Iwv+jTA0utUVVbrh+Jlrr1Fv0e56GGzAFOXN7dk/FviaDW8LHmK52DlcH4WP2n6gI8vN1aesBFgo9w==
  dependencies:
    yallist "^3.0.2"

make-error@^1.3.0:
  version "1.3.6"
  resolved "https://registry.yarnpkg.com/make-error/-/make-error-1.3.6.tgz#2eb2e37ea9b67c4891f684a1394799af484cf7a2"
  integrity sha512-s8UhlNe7vPKomQhC1qFelMokr/Sc3AgNbso3n74mVPA5LTZwkB9NlXf4XPamLxJE8h0gh73rM94xvwRT2CVInw==

mimic-response@^3.1.0:
  version "3.1.0"
  resolved "https://registry.yarnpkg.com/mimic-response/-/mimic-response-3.1.0.tgz#2d1d59af9c1b129815accc2c46a022a5ce1fa3c9"
  integrity sha512-z0yWI+4FDrrweS8Zmt4Ej5HdJmky15+L2e6Wgn3+iK5fWzb6T3fhNFq2+MeTRb064c6Wr4N/wv0DzQTjNzHNGQ==

ms@2.0.0:
  version "2.0.0"
  resolved "https://registry.yarnpkg.com/ms/-/ms-2.0.0.tgz#5608aeadfc00be6c2901df5f9861788de0d597c8"
  integrity sha512-Tpp60P6IUJDTuOq/5Z8cdskzJujfwqfOTkrwIwj7IRISpnkJnT6SyJ4PCPnGMoFjC9ddhal5KVIYtAt97ix05A==

ms@2.1.2:
  version "2.1.2"
  resolved "https://registry.yarnpkg.com/ms/-/ms-2.1.2.tgz#d09d1f357b443f493382a8eb3ccd183872ae6009"
  integrity sha512-sGkPx+VjMtmA6MX27oA4FBFELFCZZ4S4XqeGOXCv68tT+jb3vk/RyaKWP0PTKyWtmLSM0b+adUTEvbs1PEaH2w==

nano-pubsub@^1.0.2:
  version "1.0.2"
  resolved "https://registry.yarnpkg.com/nano-pubsub/-/nano-pubsub-1.0.2.tgz#34ce776f7af959915b8f7acfe8dd6b9c66f3bde9"
  integrity sha512-HtPs1RbULM/z8wt3BbeeZlxVNiJbl+zQAwwrbc0KAq5NHaCG3MmffOVCpRhNTs+TK67MdN6aZ+5wzPtRZvME+w==

nanoid@^3.1.30:
  version "3.3.6"
  resolved "https://registry.yarnpkg.com/nanoid/-/nanoid-3.3.6.tgz#443380c856d6e9f9824267d960b4236ad583ea4c"
  integrity sha512-BGcqMMJuToF7i1rt+2PWSNVnWIkGCU78jBG3RxO/bZlnZPK2Cmi2QaffxGO/2RvWi9sL+FAiRiXMgsyxQ1DIDA==

next-sanity-image@^3.2.1:
  version "3.2.1"
  resolved "https://registry.yarnpkg.com/next-sanity-image/-/next-sanity-image-3.2.1.tgz#81b44969c7b5c281b7f29fe25b3649828fc5a5ea"
  integrity sha512-lnynR/h7kD5ueVxQoam8ElKXb+bGWuU1cP+PCwx1NzIiBUHM2wBMnvmpt+emubGocMaIURT/iwPU46VnmB9rsQ==
  dependencies:
    "@sanity/image-url" "^0.140.22"

next@12.1.0:
  version "12.1.0"
  resolved "https://registry.yarnpkg.com/next/-/next-12.1.0.tgz#c33d753b644be92fc58e06e5a214f143da61dd5d"
  integrity sha512-s885kWvnIlxsUFHq9UGyIyLiuD0G3BUC/xrH0CEnH5lHEWkwQcHOORgbDF0hbrW9vr/7am4ETfX4A7M6DjrE7Q==
  dependencies:
    "@next/env" "12.1.0"
    caniuse-lite "^1.0.30001283"
    postcss "8.4.5"
    styled-jsx "5.0.0"
    use-subscription "1.5.1"
  optionalDependencies:
    "@next/swc-android-arm64" "12.1.0"
    "@next/swc-darwin-arm64" "12.1.0"
    "@next/swc-darwin-x64" "12.1.0"
    "@next/swc-linux-arm-gnueabihf" "12.1.0"
    "@next/swc-linux-arm64-gnu" "12.1.0"
    "@next/swc-linux-arm64-musl" "12.1.0"
    "@next/swc-linux-x64-gnu" "12.1.0"
    "@next/swc-linux-x64-musl" "12.1.0"
    "@next/swc-win32-arm64-msvc" "12.1.0"
    "@next/swc-win32-ia32-msvc" "12.1.0"
    "@next/swc-win32-x64-msvc" "12.1.0"

node-releases@^2.0.8:
  version "2.0.10"
  resolved "https://registry.yarnpkg.com/node-releases/-/node-releases-2.0.10.tgz#c311ebae3b6a148c89b1813fd7c4d3c024ef537f"
  integrity sha512-5GFldHPXVG/YZmFzJvKK2zDSzPKhEp0+ZR5SVaoSag9fsL5YgHbUHDfnG5494ISANDcK4KwPXAx2xqVEydmd7w==

object-assign@^4.1.1:
  version "4.1.1"
  resolved "https://registry.yarnpkg.com/object-assign/-/object-assign-4.1.1.tgz#2109adc7965887cfc05cbbd442cac8bfbb360863"
  integrity sha512-rJgTQnkUnH1sFw8yT6VSU3zD3sWmu6sZhIseY8VX+GRu3P6F7Fu+JNDoXfklElbLJSnc3FUQHVe4cU5hj+BcUg==

object-inspect@^1.9.0:
  version "1.12.3"
  resolved "https://registry.yarnpkg.com/object-inspect/-/object-inspect-1.12.3.tgz#ba62dffd67ee256c8c086dfae69e016cd1f198b9"
  integrity sha512-geUvdk7c+eizMNUDkRpW1wJwgfOiOeHbxBR/hLXK1aT6zmVSO0jsQcs7fj6MGw89jC/cjGfLcNOrtMYtGqm81g==

p-is-promise@^1.1.0:
  version "1.1.0"
  resolved "https://registry.yarnpkg.com/p-is-promise/-/p-is-promise-1.1.0.tgz#9c9456989e9f6588017b0434d56097675c3da05e"
  integrity sha512-zL7VE4JVS2IFSkR2GQKDSPEVxkoH43/p7oEnwpdCndKYJO0HVeRB7fA8TJwuLOTBREtK0ea8eHaxdwcpob5dmg==

parse-headers@^2.0.4:
  version "2.0.5"
  resolved "https://registry.yarnpkg.com/parse-headers/-/parse-headers-2.0.5.tgz#069793f9356a54008571eb7f9761153e6c770da9"
  integrity sha512-ft3iAoLOB/MlwbNXgzy43SWGP6sQki2jQvAyBg/zDFAgr9bfNWZIUj42Kw2eJIl8kEi4PbgE6U1Zau/HwI75HA==

picocolors@^1.0.0:
  version "1.0.0"
  resolved "https://registry.yarnpkg.com/picocolors/-/picocolors-1.0.0.tgz#cb5bdc74ff3f51892236eaf79d68bc44564ab81c"
  integrity sha512-1fygroTLlHu66zi26VoTDv8yRgm0Fccecssto+MhsZ0D/DGW2sm8E8AjW7NU5VVTRt5GxbeZ5qBuJr+HyLYkjQ==

postcss@8.4.5:
  version "8.4.5"
  resolved "https://registry.yarnpkg.com/postcss/-/postcss-8.4.5.tgz#bae665764dfd4c6fcc24dc0fdf7e7aa00cc77f95"
  integrity sha512-jBDboWM8qpaqwkMwItqTQTiFikhs/67OYVvblFFTM7MrZjt6yMKd6r2kgXizEbTTljacm4NldIlZnhbjr84QYg==
  dependencies:
    nanoid "^3.1.30"
    picocolors "^1.0.0"
    source-map-js "^1.0.1"

process-nextick-args@~2.0.0:
  version "2.0.1"
  resolved "https://registry.yarnpkg.com/process-nextick-args/-/process-nextick-args-2.0.1.tgz#7820d9b16120cc55ca9ae7792680ae7dba6d7fe2"
  integrity sha512-3ouUOpQhtgrbOa17J7+uxOTpITYWaGP7/AhoR3+A+/1e9skrzelGi/dXzEYyvbxubEF6Wn2ypscTKiKJFFn1ag==

progress-stream@^2.0.0:
  version "2.0.0"
  resolved "https://registry.yarnpkg.com/progress-stream/-/progress-stream-2.0.0.tgz#fac63a0b3d11deacbb0969abcc93b214bce19ed5"
  integrity sha512-xJwOWR46jcXUq6EH9yYyqp+I52skPySOeHfkxOZ2IY1AiBi/sFJhbhAKHoV3OTw/omQ45KTio9215dRJ2Yxd3Q==
  dependencies:
    speedometer "~1.0.0"
    through2 "~2.0.3"

qs@^6.10.3:
  version "6.11.1"
  resolved "https://registry.yarnpkg.com/qs/-/qs-6.11.1.tgz#6c29dff97f0c0060765911ba65cbc9764186109f"
  integrity sha512-0wsrzgTz/kAVIeuxSjnpGC56rzYtr6JT/2BwEvMaPhFIoYa1aGO8LbzuU1R0uUYQkLpWBTOj0l/CLAJB64J6nQ==
  dependencies:
    side-channel "^1.0.4"

querystringify@^2.1.1:
  version "2.2.0"
  resolved "https://registry.yarnpkg.com/querystringify/-/querystringify-2.2.0.tgz#3345941b4153cb9d082d8eee4cda2016a9aef7f6"
  integrity sha512-FIqgj2EUvTa7R50u0rGsyTftzjYmv/a3hO345bZNrqabNqjtgiDMgmo4mkUjd+nzU5oF3dClKqFIPUKybUyqoQ==

react-dom@17.0.2:
  version "17.0.2"
  resolved "https://registry.yarnpkg.com/react-dom/-/react-dom-17.0.2.tgz#ecffb6845e3ad8dbfcdc498f0d0a939736502c23"
  integrity sha512-s4h96KtLDUQlsENhMn1ar8t2bEa+q/YAtj8pPPdIjPDGBDIVNsrD9aXNWqspUe6AzKCIG0C1HZZLqLV7qpOBGA==
  dependencies:
    loose-envify "^1.1.0"
    object-assign "^4.1.1"
    scheduler "^0.20.2"

react-hot-toast@^2.2.0:
  version "2.4.0"
  resolved "https://registry.yarnpkg.com/react-hot-toast/-/react-hot-toast-2.4.0.tgz#b91e7a4c1b6e3068fc599d3d83b4fb48668ae51d"
  integrity sha512-qnnVbXropKuwUpriVVosgo8QrB+IaPJCpL8oBI6Ov84uvHZ5QQcTp2qg6ku2wNfgJl6rlQXJIQU5q+5lmPOutA==
  dependencies:
    goober "^2.1.10"

react-icons@^4.3.1:
  version "4.8.0"
  resolved "https://registry.yarnpkg.com/react-icons/-/react-icons-4.8.0.tgz#621e900caa23b912f737e41be57f27f6b2bff445"
  integrity sha512-N6+kOLcihDiAnj5Czu637waJqSnwlMNROzVZMhfX68V/9bu9qHaMIJC4UdozWoOk57gahFCNHwVvWzm0MTzRjg==

react@17.0.2:
  version "17.0.2"
  resolved "https://registry.yarnpkg.com/react/-/react-17.0.2.tgz#d0b5cc516d29eb3eee383f75b62864cfb6800037"
  integrity sha512-gnhPt75i/dq/z3/6q/0asP78D0u592D5L1pd7M8P+dck6Fu/jJeL6iVVK23fptSUZj8Vjf++7wXA8UNclGQcbA==
  dependencies:
    loose-envify "^1.1.0"
    object-assign "^4.1.1"

readable-stream@^2.0.0, readable-stream@~2.3.6:
  version "2.3.8"
  resolved "https://registry.yarnpkg.com/readable-stream/-/readable-stream-2.3.8.tgz#91125e8042bba1b9887f49345f6277027ce8be9b"
  integrity sha512-8p0AUk4XODgIewSi0l8Epjs+EVnWiK7NoDIEGU0HhE7+ZyY8D1IMY7odu5lRrFXGg71L15KG8QrPmum45RTtdA==
  dependencies:
    core-util-is "~1.0.0"
    inherits "~2.0.3"
    isarray "~1.0.0"
    process-nextick-args "~2.0.0"
    safe-buffer "~5.1.1"
    string_decoder "~1.1.1"
    util-deprecate "~1.0.1"

requires-port@^1.0.0:
  version "1.0.0"
  resolved "https://registry.yarnpkg.com/requires-port/-/requires-port-1.0.0.tgz#925d2601d39ac485e091cf0da5c6e694dc3dcaff"
  integrity sha512-KigOCHcocU3XODJxsu8i/j8T9tzT4adHiecwORRQ0ZZFcp7ahwXuRU1m+yuO90C5ZUyGeGfocHDI14M3L3yDAQ==

rxjs@^6.0.0:
  version "6.6.7"
  resolved "https://registry.yarnpkg.com/rxjs/-/rxjs-6.6.7.tgz#90ac018acabf491bf65044235d5863c4dab804c9"
  integrity sha512-hTdwr+7yYNIT5n4AMYp85KA6yw2Va0FLa3Rguvbpa4W3I5xynaBZo41cM3XM+4Q6fRMj3sBYIR1VAmZMXYJvRQ==
  dependencies:
    tslib "^1.9.0"

safe-buffer@^5.0.1:
  version "5.2.1"
  resolved "https://registry.yarnpkg.com/safe-buffer/-/safe-buffer-5.2.1.tgz#1eaf9fa9bdb1fdd4ec75f58f9cdb4e6b7827eec6"
  integrity sha512-rp3So07KcdmmKbGvgaNxQSJr7bGVSVk5S9Eq1F+ppbRo70+YeaDxkw5Dd8NPN+GD6bjnYm2VuPuCXmpuYvmCXQ==

safe-buffer@~5.1.0, safe-buffer@~5.1.1:
  version "5.1.2"
  resolved "https://registry.yarnpkg.com/safe-buffer/-/safe-buffer-5.1.2.tgz#991ec69d296e0313747d59bdfd2b745c35f8828d"
  integrity sha512-Gd2UZBJDkXlY7GbJxfsE8/nvKkUEU1G38c1siN6QP6a9PT9MmHB8GnpscSmMJSoF8LOIrt8ud/wPtojys4G6+g==

same-origin@^0.1.1:
  version "0.1.1"
  resolved "https://registry.yarnpkg.com/same-origin/-/same-origin-0.1.1.tgz#c2287d3192577df517acbbd6d1451a9c3c3914f5"
  integrity sha512-effkSW9cap879l6CVNdwL5iubVz8tkspqgfiqwgBgFQspV7152WHaLzr5590yR8oFgt7E1d4lO09uUhtAgUPoA==

scheduler@^0.20.2:
  version "0.20.2"
  resolved "https://registry.yarnpkg.com/scheduler/-/scheduler-0.20.2.tgz#4baee39436e34aa93b4874bddcbf0fe8b8b50e91"
  integrity sha512-2eWfGgAqqWFGqtdMmcL5zCMK1U8KlXv8SQFGglL3CEtd0aDVDWgeF/YoCmvln55m5zSk3J/20hTaSBeSObsQDQ==
  dependencies:
    loose-envify "^1.1.0"
    object-assign "^4.1.1"

semver@^6.3.0:
  version "6.3.0"
  resolved "https://registry.yarnpkg.com/semver/-/semver-6.3.0.tgz#ee0a64c8af5e8ceea67687b133761e1becbd1d3d"
  integrity sha512-b39TBaTSfV6yBrapU89p5fKekE2m/NwnDocOVruQFS1/veMgdzuPcnOM34M6CwxW8jH/lxEa5rBoDeUwu5HHTw==

side-channel@^1.0.4:
  version "1.0.4"
  resolved "https://registry.yarnpkg.com/side-channel/-/side-channel-1.0.4.tgz#efce5c8fdc104ee751b25c58d4290011fa5ea2cf"
  integrity sha512-q5XPytqFEIKHkGdiMIrY10mvLRvnQh42/+GoBlFW3b2LXLE2xxJpZFdm94we0BaoV3RwJyGqg5wS7epxTv0Zvw==
  dependencies:
    call-bind "^1.0.0"
    get-intrinsic "^1.0.2"
    object-inspect "^1.9.0"

simple-concat@^1.0.1:
  version "1.0.1"
  resolved "https://registry.yarnpkg.com/simple-concat/-/simple-concat-1.0.1.tgz#f46976082ba35c2263f1c8ab5edfe26c41c9552f"
  integrity sha512-cSFtAPtRhljv69IK0hTVZQ+OfE9nePi/rtJmw5UjHeVyVroEqJXP1sFztKUy1qU+xvz3u/sfYJLa947b7nAN2Q==

source-map-js@^1.0.1:
  version "1.0.2"
  resolved "https://registry.yarnpkg.com/source-map-js/-/source-map-js-1.0.2.tgz#adbc361d9c62df380125e7f161f71c826f1e490c"
  integrity sha512-R0XvVJ9WusLiqTCEiGCmICCMplcCkIwwR11mOSD9CR5u+IXYdiseeEuXCVAjS54zqwkLcPNnmU4OeJ6tUrWhDw==

speedometer@~1.0.0:
  version "1.0.0"
  resolved "https://registry.yarnpkg.com/speedometer/-/speedometer-1.0.0.tgz#cd671cb06752c22bca3370e2f334440be4fc62e2"
  integrity sha512-lgxErLl/7A5+vgIIXsh9MbeukOaCb2axgQ+bKCdIE+ibNT4XNYGNCR1qFEGq6F+YDASXK3Fh/c5FgtZchFolxw==

string_decoder@~1.1.1:
  version "1.1.1"
  resolved "https://registry.yarnpkg.com/string_decoder/-/string_decoder-1.1.1.tgz#9cf1611ba62685d7030ae9e4ba34149c3af03fc8"
  integrity sha512-n/ShnvDi6FHbbVfviro+WojiFzv+s8MPMHBczVePfUpDJLwoLT0ht1l4YwBCbi8pJAveEEdnkHyPyTP/mzRfwg==
  dependencies:
    safe-buffer "~5.1.0"

stripe@^8.209.0:
  version "8.222.0"
  resolved "https://registry.yarnpkg.com/stripe/-/stripe-8.222.0.tgz#5f159156e411b668a88b8f957df5ac3c63b119de"
  integrity sha512-hrA79fjmN2Eb6K3kxkDzU4ODeVGGjXQsuVaAPSUro6I9MM3X+BvIsVqdphm3BXWfimAGFvUqWtPtHy25mICY1w==
  dependencies:
    "@types/node" ">=8.1.0"
    qs "^6.10.3"

styled-jsx@5.0.0:
  version "5.0.0"
  resolved "https://registry.yarnpkg.com/styled-jsx/-/styled-jsx-5.0.0.tgz#816b4b92e07b1786c6b7111821750e0ba4d26e77"
  integrity sha512-qUqsWoBquEdERe10EW8vLp3jT25s/ssG1/qX5gZ4wu15OZpmSMFI2v+fWlRhLfykA5rFtlJ1ME8A8pm/peV4WA==

supports-color@^5.3.0:
  version "5.5.0"
  resolved "https://registry.yarnpkg.com/supports-color/-/supports-color-5.5.0.tgz#e2e69a44ac8772f78a1ec0b35b689df6530efc8f"
  integrity sha512-QjVjwdXIt408MIiAqCX4oUKsgU2EqAGzs2Ppkm4aQYbjm+ZEWEcW4SfFNTr4uMNZma0ey4f5lgLrkB0aX0QMow==
  dependencies:
    has-flag "^3.0.0"

through2@~2.0.3:
  version "2.0.5"
  resolved "https://registry.yarnpkg.com/through2/-/through2-2.0.5.tgz#01c1e39eb31d07cb7d03a96a70823260b23132cd"
  integrity sha512-/mrRod8xqpA+IHSLyGCQ2s8SPHiCDEeQJSep1jqLYeEUClOFG2Qsh+4FU6G9VeqpZnGW/Su8LQGc4YKni5rYSQ==
  dependencies:
    readable-stream "~2.3.6"
    xtend "~4.0.1"

to-fast-properties@^2.0.0:
  version "2.0.0"
  resolved "https://registry.yarnpkg.com/to-fast-properties/-/to-fast-properties-2.0.0.tgz#dc5e698cbd079265bc73e0377681a4e4e83f616e"
  integrity sha512-/OaKK0xYrs3DmxRYqL/yDc+FxFUVYhDlXMhRmv3z915w2HF1tnN1omB354j8VUGO/hbRzyD6Y3sA7v7GS/ceog==

tslib@^1.9.0:
  version "1.14.1"
  resolved "https://registry.yarnpkg.com/tslib/-/tslib-1.14.1.tgz#cf2d38bdc34a134bcaf1091c41f6619e2f672d00"
  integrity sha512-Xni35NKzjgMrwevysHTCArtLDpPvye8zV/0E4EyYn43P7/7qvQwPh9BGkHewbMulVntbigmcT7rdX3BNo9wRJg==

tunnel-agent@^0.6.0:
  version "0.6.0"
  resolved "https://registry.yarnpkg.com/tunnel-agent/-/tunnel-agent-0.6.0.tgz#27a5dea06b36b04a0a9966774b290868f0fc40fd"
  integrity sha512-McnNiV1l8RYeY8tBgEpuodCC1mLUdbSN+CYBL7kJsJNInOP8UjDDEwdk6Mw60vdLLrr5NHKZhMAOSrR2NZuQ+w==
  dependencies:
    safe-buffer "^5.0.1"

update-browserslist-db@^1.0.10:
  version "1.0.11"
  resolved "https://registry.yarnpkg.com/update-browserslist-db/-/update-browserslist-db-1.0.11.tgz#9a2a641ad2907ae7b3616506f4b977851db5b940"
  integrity sha512-dCwEFf0/oT85M1fHBg4F0jtLwJrutGoHSQXCh7u4o2t1drG+c0a9Flnqww6XUKSfQMPpJBRjU8d4RXB09qtvaA==
  dependencies:
    escalade "^3.1.1"
    picocolors "^1.0.0"

url-parse@^1.1.9:
  version "1.5.10"
  resolved "https://registry.yarnpkg.com/url-parse/-/url-parse-1.5.10.tgz#9d3c2f736c1d75dd3bd2be507dcc111f1e2ea9c1"
  integrity sha512-WypcfiRhfeUP9vvF0j6rw0J3hrWrw6iZv3+22h6iRMJ/8z1Tj6XfLP4DsUix5MhMPnXpiHDoKyoZ/bdCkwBCiQ==
  dependencies:
    querystringify "^2.1.1"
    requires-port "^1.0.0"

use-subscription@1.5.1:
  version "1.5.1"
  resolved "https://registry.yarnpkg.com/use-subscription/-/use-subscription-1.5.1.tgz#73501107f02fad84c6dd57965beb0b75c68c42d1"
  integrity sha512-Xv2a1P/yReAjAbhylMfFplFKj9GssgTwN7RlcTxBujFQcloStWNDQdc4g4NRWH9xS4i/FDk04vQBptAXoF3VcA==
  dependencies:
    object-assign "^4.1.1"

util-deprecate@~1.0.1:
  version "1.0.2"
  resolved "https://registry.yarnpkg.com/util-deprecate/-/util-deprecate-1.0.2.tgz#450d4dc9fa70de732762fbd2d4a28981419a0ccf"
  integrity sha512-EPD5q1uXyFxJpCrLnCc1nHnq3gOa6DZBocAIiI2TaSCA7VCJ1UJDMagCzIkXNsUYfD1daK//LTEQ8xiIbrHtcw==

xtend@~4.0.1:
  version "4.0.2"
  resolved "https://registry.yarnpkg.com/xtend/-/xtend-4.0.2.tgz#bb72779f5fa465186b1f438f674fa347fdb5db54"
  integrity sha512-LKYU1iAXJXUgAXn9URjiu+MWhyUXHsvfp7mcuYm9dSUKK0/CjtrUwFAxD82/mCWbtLsGjFIad0wIsod4zrTAEQ==

yallist@^3.0.2:
  version "3.1.1"
  resolved "https://registry.yarnpkg.com/yallist/-/yallist-3.1.1.tgz#dbb7daf9bfd8bac9ab45ebf602b8cbad0d5d08fd"
  integrity sha512-a4UGQaWPH59mOXUYnAG2ewncQS4i4F43Tv3JoAM+s2VDAmS9NsK8GpDMLrCHPksFT7h3K6TOoUNn2pb7RoXx4g==
